
Microsoft Visual Studio Solution File, Format Version 12.00
# Visual Studio Version 17
VisualStudioVersion = 17.5.002.0
MinimumVisualStudioVersion = 10.0.40219.1
Project("{9A19103F-16F7-4668-BE54-9A1E7A4F7556}") = "DropUp", "DropUp.csproj", "{DBE1DC56-90F5-4EFB-A399-911D4BE63AA5}"
EndProject
Global
	GlobalSection(SolutionConfigurationPlatforms) = preSolution
		Debug|Any CPU = Debug|Any CPU
		Release|Any CPU = Release|Any CPU
	EndGlobalSection
	GlobalSection(ProjectConfigurationPlatforms) = postSolution
		{DBE1DC56-90F5-4EFB-A399-911D4BE63AA5}.Debug|Any CPU.ActiveCfg = Debug|Any CPU
		{DBE1DC56-90F5-4EFB-A399-911D4BE63AA5}.Debug|Any CPU.Build.0 = Debug|Any CPU
		{DBE1DC56-90F5-4EFB-A399-911D4BE63AA5}.Release|Any CPU.ActiveCfg = Release|Any CPU
		{DBE1DC56-90F5-4EFB-A399-911D4BE63AA5}.Release|Any CPU.Build.0 = Release|Any CPU
	EndGlobalSection
	GlobalSection(SolutionProperties) = preSolution
		HideSolutionNode = FALSE
	EndGlobalSection
	GlobalSection(ExtensibilityGlobals) = postSolution
		SolutionGuid = {E9AD5419-BFB6-4A72-BD77-38EB241601A4}
	EndGlobalSection
EndGlobal
